
Microsoft Visual Studio Solution File, Format Version 11.00
# Visual Studio 2010
Project("{8BC9CEB8-8B4A-11D0-8D11-00A0C91BC942}") = "HelloGLWindow", "src\HelloGLWindow\HelloGLWindow.vcxproj", "{922D4845-CC5C-4EED-B7E4-87ECCC382C99}"
EndProject
Project("{8BC9CEB8-8B4A-11D0-8D11-00A0C91BC942}") = "HelloShader", "src\HelloShader\HelloShader.vcxproj", "{EFD66F3E-5D5B-4157-BAA2-494386821192}"
EndProject
Project("{8BC9CEB8-8B4A-11D0-8D11-00A0C91BC942}") = "HelloTriangle", "src\HelloTriangle\HelloTriangle.vcxproj", "{F78D9035-F3F8-4EE3-8903-F6C38BD5E917}"
EndProject
Project("{8BC9CEB8-8B4A-11D0-8D11-00A0C91BC942}") = "HelloTexture", "src\HelloTexture\HelloTexture.vcxproj", "{CEB68155-E7D4-4191-B2E6-8BE75D9120B9}"
EndProject
Project("{8BC9CEB8-8B4A-11D0-8D11-00A0C91BC942}") = "HelloCamera", "src\HelloCamera\HelloCamera.vcxproj", "{560C99A0-FF58-4E19-89D1-2C1B4AE8CD86}"
EndProject
Project("{8BC9CEB8-8B4A-11D0-8D11-00A0C91BC942}") = "HelloColor", "src\HelloColor\HelloColor.vcxproj", "{6189E4A3-4F12-41A1-8505-CD8CB7188FDF}"
EndProject
Project("{8BC9CEB8-8B4A-11D0-8D11-00A0C91BC942}") = "HelloLight", "src\HelloLight\HelloLight.vcxproj", "{F1AD0E00-C577-4633-B560-4251786D4F6F}"
EndProject
Project("{8BC9CEB8-8B4A-11D0-8D11-00A0C91BC942}") = "HelloMaterial", "src\HelloMaterial\HelloMaterial.vcxproj", "{7C7E9240-3DF5-494D-901F-9C2D79A9003F}"
EndProject
Project("{8BC9CEB8-8B4A-11D0-8D11-00A0C91BC942}") = "HelloLightingmap", "src\HelloLightingmap\HelloLightingmap.vcxproj", "{096CDFC3-22B2-455C-8A5A-97CB0E84408D}"
EndProject
Project("{8BC9CEB8-8B4A-11D0-8D11-00A0C91BC942}") = "HelloLightcasters", "src\HelloLightcasters\HelloLightcasters.vcxproj", "{EC5ED3EC-BB86-4A15-9B8E-5BE6A5D19CF7}"
EndProject
Project("{8BC9CEB8-8B4A-11D0-8D11-00A0C91BC942}") = "HelloMultipleLight", "src\HelloMultipleLight\HelloMultipleLight.vcxproj", "{B54A7BEA-6C51-4694-9073-18843CF67949}"
EndProject
Project("{2150E333-8FDC-42A3-9474-1A3956D46DE8}") = "Include", "Include", "{43CF697B-8EEE-422F-9EEA-32A683AB2FD8}"
	ProjectSection(SolutionItems) = preProject
		include\learnopengl\camera.h = include\learnopengl\camera.h
		include\learnopengl\mesh.h = include\learnopengl\mesh.h
		include\learnopengl\model.h = include\learnopengl\model.h
		include\learnopengl\shader.h = include\learnopengl\shader.h
	EndProjectSection
EndProject
Project("{8BC9CEB8-8B4A-11D0-8D11-00A0C91BC942}") = "HelloModel", "src\HelloModel\HelloModel.vcxproj", "{54334D4B-B90B-496D-9947-640711E6AAE3}"
EndProject
Project("{2150E333-8FDC-42A3-9474-1A3956D46DE8}") = "Basic", "Basic", "{1102B624-6E16-49D3-BFB5-050E97515ECB}"
EndProject
Project("{2150E333-8FDC-42A3-9474-1A3956D46DE8}") = "Advance", "Advance", "{16179873-A4DA-4991-9C27-C6DD41D85563}"
EndProject
Project("{8BC9CEB8-8B4A-11D0-8D11-00A0C91BC942}") = "HelloDepthTest", "src\HelloDepthTest\HelloDepthTest.vcxproj", "{D8D94E9F-E9F6-4BC3-B557-738C77FAA253}"
EndProject
Project("{8BC9CEB8-8B4A-11D0-8D11-00A0C91BC942}") = "HelloStencilTest", "src\HelloStencilTest\HelloStencilTest.vcxproj", "{A288C29D-1061-4E97-9FA5-0EB74E5738F2}"
EndProject
Project("{8BC9CEB8-8B4A-11D0-8D11-00A0C91BC942}") = "HelloBlend", "src\HelloBlend\HelloBlend.vcxproj", "{367A738C-05F0-438F-918C-EC06FCE85720}"
EndProject
Project("{8BC9CEB8-8B4A-11D0-8D11-00A0C91BC942}") = "HelloFramebuffer", "src\HelloFramebuffer\HelloFramebuffer.vcxproj", "{0ED3DE80-8C48-448E-B070-1CEE38187D32}"
EndProject
Project("{8BC9CEB8-8B4A-11D0-8D11-00A0C91BC942}") = "HelloCubemap", "src\HelloCubemap\HelloCubemap.vcxproj", "{558B8F16-2614-4029-BA48-73AB22E6026E}"
EndProject
Project("{8BC9CEB8-8B4A-11D0-8D11-00A0C91BC942}") = "HelloText", "src\HelloText\HelloText.vcxproj", "{FF9E11A2-5797-4119-A581-006E5AE34532}"
EndProject
Global
	GlobalSection(SolutionConfigurationPlatforms) = preSolution
		Debug|Win32 = Debug|Win32
		Release|Win32 = Release|Win32
	EndGlobalSection
	GlobalSection(ProjectConfigurationPlatforms) = postSolution
		{922D4845-CC5C-4EED-B7E4-87ECCC382C99}.Debug|Win32.ActiveCfg = Debug|Win32
		{922D4845-CC5C-4EED-B7E4-87ECCC382C99}.Debug|Win32.Build.0 = Debug|Win32
		{922D4845-CC5C-4EED-B7E4-87ECCC382C99}.Release|Win32.ActiveCfg = Release|Win32
		{922D4845-CC5C-4EED-B7E4-87ECCC382C99}.Release|Win32.Build.0 = Release|Win32
		{EFD66F3E-5D5B-4157-BAA2-494386821192}.Debug|Win32.ActiveCfg = Debug|Win32
		{EFD66F3E-5D5B-4157-BAA2-494386821192}.Debug|Win32.Build.0 = Debug|Win32
		{EFD66F3E-5D5B-4157-BAA2-494386821192}.Release|Win32.ActiveCfg = Release|Win32
		{EFD66F3E-5D5B-4157-BAA2-494386821192}.Release|Win32.Build.0 = Release|Win32
		{F78D9035-F3F8-4EE3-8903-F6C38BD5E917}.Debug|Win32.ActiveCfg = Debug|Win32
		{F78D9035-F3F8-4EE3-8903-F6C38BD5E917}.Debug|Win32.Build.0 = Debug|Win32
		{F78D9035-F3F8-4EE3-8903-F6C38BD5E917}.Release|Win32.ActiveCfg = Release|Win32
		{F78D9035-F3F8-4EE3-8903-F6C38BD5E917}.Release|Win32.Build.0 = Release|Win32
		{CEB68155-E7D4-4191-B2E6-8BE75D9120B9}.Debug|Win32.ActiveCfg = Debug|Win32
		{CEB68155-E7D4-4191-B2E6-8BE75D9120B9}.Debug|Win32.Build.0 = Debug|Win32
		{CEB68155-E7D4-4191-B2E6-8BE75D9120B9}.Release|Win32.ActiveCfg = Release|Win32
		{CEB68155-E7D4-4191-B2E6-8BE75D9120B9}.Release|Win32.Build.0 = Release|Win32
		{560C99A0-FF58-4E19-89D1-2C1B4AE8CD86}.Debug|Win32.ActiveCfg = Debug|Win32
		{560C99A0-FF58-4E19-89D1-2C1B4AE8CD86}.Debug|Win32.Build.0 = Debug|Win32
		{560C99A0-FF58-4E19-89D1-2C1B4AE8CD86}.Release|Win32.ActiveCfg = Release|Win32
		{560C99A0-FF58-4E19-89D1-2C1B4AE8CD86}.Release|Win32.Build.0 = Release|Win32
		{6189E4A3-4F12-41A1-8505-CD8CB7188FDF}.Debug|Win32.ActiveCfg = Debug|Win32
		{6189E4A3-4F12-41A1-8505-CD8CB7188FDF}.Debug|Win32.Build.0 = Debug|Win32
		{6189E4A3-4F12-41A1-8505-CD8CB7188FDF}.Release|Win32.ActiveCfg = Release|Win32
		{6189E4A3-4F12-41A1-8505-CD8CB7188FDF}.Release|Win32.Build.0 = Release|Win32
		{F1AD0E00-C577-4633-B560-4251786D4F6F}.Debug|Win32.ActiveCfg = Debug|Win32
		{F1AD0E00-C577-4633-B560-4251786D4F6F}.Debug|Win32.Build.0 = Debug|Win32
		{F1AD0E00-C577-4633-B560-4251786D4F6F}.Release|Win32.ActiveCfg = Release|Win32
		{F1AD0E00-C577-4633-B560-4251786D4F6F}.Release|Win32.Build.0 = Release|Win32
		{7C7E9240-3DF5-494D-901F-9C2D79A9003F}.Debug|Win32.ActiveCfg = Debug|Win32
		{7C7E9240-3DF5-494D-901F-9C2D79A9003F}.Debug|Win32.Build.0 = Debug|Win32
		{7C7E9240-3DF5-494D-901F-9C2D79A9003F}.Release|Win32.ActiveCfg = Release|Win32
		{7C7E9240-3DF5-494D-901F-9C2D79A9003F}.Release|Win32.Build.0 = Release|Win32
		{096CDFC3-22B2-455C-8A5A-97CB0E84408D}.Debug|Win32.ActiveCfg = Debug|Win32
		{096CDFC3-22B2-455C-8A5A-97CB0E84408D}.Debug|Win32.Build.0 = Debug|Win32
		{096CDFC3-22B2-455C-8A5A-97CB0E84408D}.Release|Win32.ActiveCfg = Release|Win32
		{096CDFC3-22B2-455C-8A5A-97CB0E84408D}.Release|Win32.Build.0 = Release|Win32
		{EC5ED3EC-BB86-4A15-9B8E-5BE6A5D19CF7}.Debug|Win32.ActiveCfg = Debug|Win32
		{EC5ED3EC-BB86-4A15-9B8E-5BE6A5D19CF7}.Debug|Win32.Build.0 = Debug|Win32
		{EC5ED3EC-BB86-4A15-9B8E-5BE6A5D19CF7}.Release|Win32.ActiveCfg = Release|Win32
		{EC5ED3EC-BB86-4A15-9B8E-5BE6A5D19CF7}.Release|Win32.Build.0 = Release|Win32
		{B54A7BEA-6C51-4694-9073-18843CF67949}.Debug|Win32.ActiveCfg = Debug|Win32
		{B54A7BEA-6C51-4694-9073-18843CF67949}.Debug|Win32.Build.0 = Debug|Win32
		{B54A7BEA-6C51-4694-9073-18843CF67949}.Release|Win32.ActiveCfg = Release|Win32
		{B54A7BEA-6C51-4694-9073-18843CF67949}.Release|Win32.Build.0 = Release|Win32
		{54334D4B-B90B-496D-9947-640711E6AAE3}.Debug|Win32.ActiveCfg = Debug|Win32
		{54334D4B-B90B-496D-9947-640711E6AAE3}.Debug|Win32.Build.0 = Debug|Win32
		{54334D4B-B90B-496D-9947-640711E6AAE3}.Release|Win32.ActiveCfg = Release|Win32
		{54334D4B-B90B-496D-9947-640711E6AAE3}.Release|Win32.Build.0 = Release|Win32
		{D8D94E9F-E9F6-4BC3-B557-738C77FAA253}.Debug|Win32.ActiveCfg = Debug|Win32
		{D8D94E9F-E9F6-4BC3-B557-738C77FAA253}.Debug|Win32.Build.0 = Debug|Win32
		{D8D94E9F-E9F6-4BC3-B557-738C77FAA253}.Release|Win32.ActiveCfg = Release|Win32
		{D8D94E9F-E9F6-4BC3-B557-738C77FAA253}.Release|Win32.Build.0 = Release|Win32
		{A288C29D-1061-4E97-9FA5-0EB74E5738F2}.Debug|Win32.ActiveCfg = Debug|Win32
		{A288C29D-1061-4E97-9FA5-0EB74E5738F2}.Debug|Win32.Build.0 = Debug|Win32
		{A288C29D-1061-4E97-9FA5-0EB74E5738F2}.Release|Win32.ActiveCfg = Release|Win32
		{A288C29D-1061-4E97-9FA5-0EB74E5738F2}.Release|Win32.Build.0 = Release|Win32
		{367A738C-05F0-438F-918C-EC06FCE85720}.Debug|Win32.ActiveCfg = Debug|Win32
		{367A738C-05F0-438F-918C-EC06FCE85720}.Debug|Win32.Build.0 = Debug|Win32
		{367A738C-05F0-438F-918C-EC06FCE85720}.Release|Win32.ActiveCfg = Release|Win32
		{367A738C-05F0-438F-918C-EC06FCE85720}.Release|Win32.Build.0 = Release|Win32
		{0ED3DE80-8C48-448E-B070-1CEE38187D32}.Debug|Win32.ActiveCfg = Debug|Win32
		{0ED3DE80-8C48-448E-B070-1CEE38187D32}.Debug|Win32.Build.0 = Debug|Win32
		{0ED3DE80-8C48-448E-B070-1CEE38187D32}.Release|Win32.ActiveCfg = Release|Win32
		{0ED3DE80-8C48-448E-B070-1CEE38187D32}.Release|Win32.Build.0 = Release|Win32
		{558B8F16-2614-4029-BA48-73AB22E6026E}.Debug|Win32.ActiveCfg = Debug|Win32
		{558B8F16-2614-4029-BA48-73AB22E6026E}.Debug|Win32.Build.0 = Debug|Win32
		{558B8F16-2614-4029-BA48-73AB22E6026E}.Release|Win32.ActiveCfg = Release|Win32
		{558B8F16-2614-4029-BA48-73AB22E6026E}.Release|Win32.Build.0 = Release|Win32
		{FF9E11A2-5797-4119-A581-006E5AE34532}.Debug|Win32.ActiveCfg = Debug|Win32
		{FF9E11A2-5797-4119-A581-006E5AE34532}.Debug|Win32.Build.0 = Debug|Win32
		{FF9E11A2-5797-4119-A581-006E5AE34532}.Release|Win32.ActiveCfg = Release|Win32
		{FF9E11A2-5797-4119-A581-006E5AE34532}.Release|Win32.Build.0 = Release|Win32
	EndGlobalSection
	GlobalSection(SolutionProperties) = preSolution
		HideSolutionNode = FALSE
	EndGlobalSection
	GlobalSection(NestedProjects) = preSolution
		{EFD66F3E-5D5B-4157-BAA2-494386821192} = {1102B624-6E16-49D3-BFB5-050E97515ECB}
		{F78D9035-F3F8-4EE3-8903-F6C38BD5E917} = {1102B624-6E16-49D3-BFB5-050E97515ECB}
		{CEB68155-E7D4-4191-B2E6-8BE75D9120B9} = {1102B624-6E16-49D3-BFB5-050E97515ECB}
		{560C99A0-FF58-4E19-89D1-2C1B4AE8CD86} = {1102B624-6E16-49D3-BFB5-050E97515ECB}
		{6189E4A3-4F12-41A1-8505-CD8CB7188FDF} = {1102B624-6E16-49D3-BFB5-050E97515ECB}
		{F1AD0E00-C577-4633-B560-4251786D4F6F} = {1102B624-6E16-49D3-BFB5-050E97515ECB}
		{7C7E9240-3DF5-494D-901F-9C2D79A9003F} = {1102B624-6E16-49D3-BFB5-050E97515ECB}
		{096CDFC3-22B2-455C-8A5A-97CB0E84408D} = {1102B624-6E16-49D3-BFB5-050E97515ECB}
		{EC5ED3EC-BB86-4A15-9B8E-5BE6A5D19CF7} = {1102B624-6E16-49D3-BFB5-050E97515ECB}
		{B54A7BEA-6C51-4694-9073-18843CF67949} = {1102B624-6E16-49D3-BFB5-050E97515ECB}
		{54334D4B-B90B-496D-9947-640711E6AAE3} = {1102B624-6E16-49D3-BFB5-050E97515ECB}
		{922D4845-CC5C-4EED-B7E4-87ECCC382C99} = {1102B624-6E16-49D3-BFB5-050E97515ECB}
		{D8D94E9F-E9F6-4BC3-B557-738C77FAA253} = {16179873-A4DA-4991-9C27-C6DD41D85563}
		{A288C29D-1061-4E97-9FA5-0EB74E5738F2} = {16179873-A4DA-4991-9C27-C6DD41D85563}
		{367A738C-05F0-438F-918C-EC06FCE85720} = {16179873-A4DA-4991-9C27-C6DD41D85563}
		{0ED3DE80-8C48-448E-B070-1CEE38187D32} = {16179873-A4DA-4991-9C27-C6DD41D85563}
		{558B8F16-2614-4029-BA48-73AB22E6026E} = {16179873-A4DA-4991-9C27-C6DD41D85563}
		{FF9E11A2-5797-4119-A581-006E5AE34532} = {16179873-A4DA-4991-9C27-C6DD41D85563}
	EndGlobalSection
EndGlobal
