
Microsoft Visual Studio Solution File, Format Version 11.00
# Visual Studio 2010
Project("{8BC9CEB8-8B4A-11D0-8D11-00A0C91BC942}") = "HelloGLWindow", "src\HelloGLWindow\HelloGLWindow.vcxproj", "{922D4845-CC5C-4EED-B7E4-87ECCC382C99}"
EndProject
Project("{8BC9CEB8-8B4A-11D0-8D11-00A0C91BC942}") = "HelloShader", "src\HelloShader\HelloShader.vcxproj", "{EFD66F3E-5D5B-4157-BAA2-494386821192}"
EndProject
Project("{8BC9CEB8-8B4A-11D0-8D11-00A0C91BC942}") = "HelloTriangle", "src\HelloTriangle\HelloTriangle.vcxproj", "{F78D9035-F3F8-4EE3-8903-F6C38BD5E917}"
EndProject
Project("{8BC9CEB8-8B4A-11D0-8D11-00A0C91BC942}") = "HelloTexture", "src\HelloTexture\HelloTexture.vcxproj", "{CEB68155-E7D4-4191-B2E6-8BE75D9120B9}"
EndProject
Project("{8BC9CEB8-8B4A-11D0-8D11-00A0C91BC942}") = "HelloCamera", "src\HelloCamera\HelloCamera.vcxproj", "{560C99A0-FF58-4E19-89D1-2C1B4AE8CD86}"
EndProject
Project("{8BC9CEB8-8B4A-11D0-8D11-00A0C91BC942}") = "HelloColor", "src\HelloColor\HelloColor.vcxproj", "{6189E4A3-4F12-41A1-8505-CD8CB7188FDF}"
EndProject
Project("{8BC9CEB8-8B4A-11D0-8D11-00A0C91BC942}") = "HelloLight", "src\HelloLight\HelloLight.vcxproj", "{F1AD0E00-C577-4633-B560-4251786D4F6F}"
EndProject
Global
	GlobalSection(SolutionConfigurationPlatforms) = preSolution
		Debug|Win32 = Debug|Win32
		Release|Win32 = Release|Win32
	EndGlobalSection
	GlobalSection(ProjectConfigurationPlatforms) = postSolution
		{922D4845-CC5C-4EED-B7E4-87ECCC382C99}.Debug|Win32.ActiveCfg = Debug|Win32
		{922D4845-CC5C-4EED-B7E4-87ECCC382C99}.Debug|Win32.Build.0 = Debug|Win32
		{922D4845-CC5C-4EED-B7E4-87ECCC382C99}.Release|Win32.ActiveCfg = Release|Win32
		{922D4845-CC5C-4EED-B7E4-87ECCC382C99}.Release|Win32.Build.0 = Release|Win32
		{EFD66F3E-5D5B-4157-BAA2-494386821192}.Debug|Win32.ActiveCfg = Debug|Win32
		{EFD66F3E-5D5B-4157-BAA2-494386821192}.Debug|Win32.Build.0 = Debug|Win32
		{EFD66F3E-5D5B-4157-BAA2-494386821192}.Release|Win32.ActiveCfg = Release|Win32
		{EFD66F3E-5D5B-4157-BAA2-494386821192}.Release|Win32.Build.0 = Release|Win32
		{F78D9035-F3F8-4EE3-8903-F6C38BD5E917}.Debug|Win32.ActiveCfg = Debug|Win32
		{F78D9035-F3F8-4EE3-8903-F6C38BD5E917}.Debug|Win32.Build.0 = Debug|Win32
		{F78D9035-F3F8-4EE3-8903-F6C38BD5E917}.Release|Win32.ActiveCfg = Release|Win32
		{F78D9035-F3F8-4EE3-8903-F6C38BD5E917}.Release|Win32.Build.0 = Release|Win32
		{CEB68155-E7D4-4191-B2E6-8BE75D9120B9}.Debug|Win32.ActiveCfg = Debug|Win32
		{CEB68155-E7D4-4191-B2E6-8BE75D9120B9}.Debug|Win32.Build.0 = Debug|Win32
		{CEB68155-E7D4-4191-B2E6-8BE75D9120B9}.Release|Win32.ActiveCfg = Release|Win32
		{CEB68155-E7D4-4191-B2E6-8BE75D9120B9}.Release|Win32.Build.0 = Release|Win32
		{560C99A0-FF58-4E19-89D1-2C1B4AE8CD86}.Debug|Win32.ActiveCfg = Debug|Win32
		{560C99A0-FF58-4E19-89D1-2C1B4AE8CD86}.Debug|Win32.Build.0 = Debug|Win32
		{560C99A0-FF58-4E19-89D1-2C1B4AE8CD86}.Release|Win32.ActiveCfg = Release|Win32
		{560C99A0-FF58-4E19-89D1-2C1B4AE8CD86}.Release|Win32.Build.0 = Release|Win32
		{6189E4A3-4F12-41A1-8505-CD8CB7188FDF}.Debug|Win32.ActiveCfg = Debug|Win32
		{6189E4A3-4F12-41A1-8505-CD8CB7188FDF}.Debug|Win32.Build.0 = Debug|Win32
		{6189E4A3-4F12-41A1-8505-CD8CB7188FDF}.Release|Win32.ActiveCfg = Release|Win32
		{6189E4A3-4F12-41A1-8505-CD8CB7188FDF}.Release|Win32.Build.0 = Release|Win32
		{F1AD0E00-C577-4633-B560-4251786D4F6F}.Debug|Win32.ActiveCfg = Debug|Win32
		{F1AD0E00-C577-4633-B560-4251786D4F6F}.Debug|Win32.Build.0 = Debug|Win32
		{F1AD0E00-C577-4633-B560-4251786D4F6F}.Release|Win32.ActiveCfg = Release|Win32
		{F1AD0E00-C577-4633-B560-4251786D4F6F}.Release|Win32.Build.0 = Release|Win32
	EndGlobalSection
	GlobalSection(SolutionProperties) = preSolution
		HideSolutionNode = FALSE
	EndGlobalSection
EndGlobal
